
Microsoft Visual Studio Solution File, Format Version 12.00
# Visual Studio Version 17
VisualStudioVersion = 17.5.33627.172
MinimumVisualStudioVersion = 10.0.40219.1
Project("{9A19103F-16F7-4668-BE54-9A1E7A4F7556}") = "DesafioAPI", "DesafioAPI\DesafioAPI.csproj", "{7F26FD27-40E6-4F3F-BEFF-5381574C0A24}"
EndProject
Project("{2150E333-8FDC-42A3-9474-1A3956D46DE8}") = "Servicos", "Servicos", "{B97DD487-D35B-4722-9844-4E89629D8376}"
EndProject
Project("{2150E333-8FDC-42A3-9474-1A3956D46DE8}") = "Estoque", "Estoque", "{71AC7C36-49AC-493B-8882-1A368E43DBEA}"
EndProject
Project("{2150E333-8FDC-42A3-9474-1A3956D46DE8}") = "Venda", "Venda", "{403708E9-799D-4458-9377-E722D83180E5}"
EndProject
Project("{9A19103F-16F7-4668-BE54-9A1E7A4F7556}") = "Stefanini.Estoque.Domain", "Stefanini.Estoque.Domain\Stefanini.Estoque.Domain.csproj", "{9B34B7AF-9287-471A-8A04-A3CB6F2716D5}"
EndProject
Project("{9A19103F-16F7-4668-BE54-9A1E7A4F7556}") = "Stefanini.Venda.App", "Stefanini.Venda.App\Stefanini.Venda.App.csproj", "{9082FDA4-DDC1-43D5-BDFA-5E383C8544B3}"
EndProject
Project("{9A19103F-16F7-4668-BE54-9A1E7A4F7556}") = "Stefanini.Venda.Data", "Stefanini.Venda.Data\Stefanini.Venda.Data.csproj", "{58320687-C2E3-4A8E-99EC-CE28844527F1}"
EndProject
Project("{9A19103F-16F7-4668-BE54-9A1E7A4F7556}") = "Stefanini.Venda.Domain", "Stefanini.Venda.Domain\Stefanini.Venda.Domain.csproj", "{F6237595-29F4-4772-8A8C-78EB3C028642}"
EndProject
Project("{2150E333-8FDC-42A3-9474-1A3956D46DE8}") = "Core", "Core", "{13C123AF-BA98-4368-BFE8-DC54BA972D60}"
EndProject
Project("{9A19103F-16F7-4668-BE54-9A1E7A4F7556}") = "Stefanini.Core", "Stefanini.Core\Stefanini.Core.csproj", "{568D2039-CB1F-4C2F-83DC-FBE09535702B}"
EndProject
Project("{9A19103F-16F7-4668-BE54-9A1E7A4F7556}") = "Stefanini.Estoque.Data", "Stefanini.Estoque.Data\Stefanini.Estoque.Data.csproj", "{D974D669-08F0-4A43-80E1-BED0DF051605}"
EndProject
Project("{9A19103F-16F7-4668-BE54-9A1E7A4F7556}") = "Stefanini.Estoque.App", "Stefanini.Estoque.App\Stefanini.Estoque.App.csproj", "{887A7B7E-67CB-447F-82E5-C855A784D7C0}"
EndProject
Global
	GlobalSection(SolutionConfigurationPlatforms) = preSolution
		Debug|Any CPU = Debug|Any CPU
		Release|Any CPU = Release|Any CPU
	EndGlobalSection
	GlobalSection(ProjectConfigurationPlatforms) = postSolution
		{7F26FD27-40E6-4F3F-BEFF-5381574C0A24}.Debug|Any CPU.ActiveCfg = Debug|Any CPU
		{7F26FD27-40E6-4F3F-BEFF-5381574C0A24}.Debug|Any CPU.Build.0 = Debug|Any CPU
		{7F26FD27-40E6-4F3F-BEFF-5381574C0A24}.Release|Any CPU.ActiveCfg = Release|Any CPU
		{7F26FD27-40E6-4F3F-BEFF-5381574C0A24}.Release|Any CPU.Build.0 = Release|Any CPU
		{9B34B7AF-9287-471A-8A04-A3CB6F2716D5}.Debug|Any CPU.ActiveCfg = Debug|Any CPU
		{9B34B7AF-9287-471A-8A04-A3CB6F2716D5}.Debug|Any CPU.Build.0 = Debug|Any CPU
		{9B34B7AF-9287-471A-8A04-A3CB6F2716D5}.Release|Any CPU.ActiveCfg = Release|Any CPU
		{9B34B7AF-9287-471A-8A04-A3CB6F2716D5}.Release|Any CPU.Build.0 = Release|Any CPU
		{9082FDA4-DDC1-43D5-BDFA-5E383C8544B3}.Debug|Any CPU.ActiveCfg = Debug|Any CPU
		{9082FDA4-DDC1-43D5-BDFA-5E383C8544B3}.Debug|Any CPU.Build.0 = Debug|Any CPU
		{9082FDA4-DDC1-43D5-BDFA-5E383C8544B3}.Release|Any CPU.ActiveCfg = Release|Any CPU
		{9082FDA4-DDC1-43D5-BDFA-5E383C8544B3}.Release|Any CPU.Build.0 = Release|Any CPU
		{58320687-C2E3-4A8E-99EC-CE28844527F1}.Debug|Any CPU.ActiveCfg = Debug|Any CPU
		{58320687-C2E3-4A8E-99EC-CE28844527F1}.Debug|Any CPU.Build.0 = Debug|Any CPU
		{58320687-C2E3-4A8E-99EC-CE28844527F1}.Release|Any CPU.ActiveCfg = Release|Any CPU
		{58320687-C2E3-4A8E-99EC-CE28844527F1}.Release|Any CPU.Build.0 = Release|Any CPU
		{F6237595-29F4-4772-8A8C-78EB3C028642}.Debug|Any CPU.ActiveCfg = Debug|Any CPU
		{F6237595-29F4-4772-8A8C-78EB3C028642}.Debug|Any CPU.Build.0 = Debug|Any CPU
		{F6237595-29F4-4772-8A8C-78EB3C028642}.Release|Any CPU.ActiveCfg = Release|Any CPU
		{F6237595-29F4-4772-8A8C-78EB3C028642}.Release|Any CPU.Build.0 = Release|Any CPU
		{568D2039-CB1F-4C2F-83DC-FBE09535702B}.Debug|Any CPU.ActiveCfg = Debug|Any CPU
		{568D2039-CB1F-4C2F-83DC-FBE09535702B}.Debug|Any CPU.Build.0 = Debug|Any CPU
		{568D2039-CB1F-4C2F-83DC-FBE09535702B}.Release|Any CPU.ActiveCfg = Release|Any CPU
		{568D2039-CB1F-4C2F-83DC-FBE09535702B}.Release|Any CPU.Build.0 = Release|Any CPU
		{D974D669-08F0-4A43-80E1-BED0DF051605}.Debug|Any CPU.ActiveCfg = Debug|Any CPU
		{D974D669-08F0-4A43-80E1-BED0DF051605}.Debug|Any CPU.Build.0 = Debug|Any CPU
		{D974D669-08F0-4A43-80E1-BED0DF051605}.Release|Any CPU.ActiveCfg = Release|Any CPU
		{D974D669-08F0-4A43-80E1-BED0DF051605}.Release|Any CPU.Build.0 = Release|Any CPU
		{887A7B7E-67CB-447F-82E5-C855A784D7C0}.Debug|Any CPU.ActiveCfg = Debug|Any CPU
		{887A7B7E-67CB-447F-82E5-C855A784D7C0}.Debug|Any CPU.Build.0 = Debug|Any CPU
		{887A7B7E-67CB-447F-82E5-C855A784D7C0}.Release|Any CPU.ActiveCfg = Release|Any CPU
		{887A7B7E-67CB-447F-82E5-C855A784D7C0}.Release|Any CPU.Build.0 = Release|Any CPU
	EndGlobalSection
	GlobalSection(SolutionProperties) = preSolution
		HideSolutionNode = FALSE
	EndGlobalSection
	GlobalSection(NestedProjects) = preSolution
		{71AC7C36-49AC-493B-8882-1A368E43DBEA} = {B97DD487-D35B-4722-9844-4E89629D8376}
		{403708E9-799D-4458-9377-E722D83180E5} = {B97DD487-D35B-4722-9844-4E89629D8376}
		{9B34B7AF-9287-471A-8A04-A3CB6F2716D5} = {71AC7C36-49AC-493B-8882-1A368E43DBEA}
		{9082FDA4-DDC1-43D5-BDFA-5E383C8544B3} = {403708E9-799D-4458-9377-E722D83180E5}
		{58320687-C2E3-4A8E-99EC-CE28844527F1} = {403708E9-799D-4458-9377-E722D83180E5}
		{F6237595-29F4-4772-8A8C-78EB3C028642} = {403708E9-799D-4458-9377-E722D83180E5}
		{13C123AF-BA98-4368-BFE8-DC54BA972D60} = {B97DD487-D35B-4722-9844-4E89629D8376}
		{568D2039-CB1F-4C2F-83DC-FBE09535702B} = {13C123AF-BA98-4368-BFE8-DC54BA972D60}
		{D974D669-08F0-4A43-80E1-BED0DF051605} = {71AC7C36-49AC-493B-8882-1A368E43DBEA}
		{887A7B7E-67CB-447F-82E5-C855A784D7C0} = {71AC7C36-49AC-493B-8882-1A368E43DBEA}
	EndGlobalSection
	GlobalSection(ExtensibilityGlobals) = postSolution
		SolutionGuid = {F844C89E-89CB-4B2A-B5DA-28DB721FB72B}
	EndGlobalSection
EndGlobal
